Microsoft Visual Studio Solution File, Format Version 11.00
# Visual Studio 2008

Project("{215E4B80-8823-A981-948D-186023AD57DD}") = "Build 1", "Assembly-CSharp.csproj", "{1D35738D-A6AB-0DB2-65B1-BF91A7E4B41B}"
EndProject
Global
	GlobalSection(SolutionConfigurationPlatforms) = preSolution
		Debug|Any CPU = Debug|Any CPU
		Release|Any CPU = Release|Any CPU
	EndGlobalSection
	GlobalSection(ProjectConfigurationPlatforms) = postSolution
		{1D35738D-A6AB-0DB2-65B1-BF91A7E4B41B}.Debug|Any CPU.ActiveCfg = Debug|Any CPU
		{1D35738D-A6AB-0DB2-65B1-BF91A7E4B41B}.Debug|Any CPU.Build.0 = Debug|Any CPU
		{1D35738D-A6AB-0DB2-65B1-BF91A7E4B41B}.Release|Any CPU.ActiveCfg = Release|Any CPU
		{1D35738D-A6AB-0DB2-65B1-BF91A7E4B41B}.Release|Any CPU.Build.0 = Release|Any CPU
	EndGlobalSection
	GlobalSection(SolutionProperties) = preSolution
		HideSolutionNode = FALSE
	EndGlobalSection
																		GlobalSection(MonoDevelopProperties) = preSolution
		StartupItem = Assembly-CSharp.csproj
		Policies = $0
		$0.TextStylePolicy = $1
		$1.inheritsSet = null
		$1.scope = text/x-csharp
		$0.CSharpFormattingPolicy = $2
		$2.inheritsSet = Mono
		$2.inheritsScope = text/x-csharp
		$2.scope = text/x-csharp
		$0.TextStylePolicy = $3
		$3.FileWidth = 120
		$3.TabWidth = 4
		$3.EolMarker = Unix
		$3.inheritsSet = Mono
		$3.inheritsScope = text/plain
		$3.scope = text/plain
	EndGlobalSection

EndGlobal
